
Microsoft Visual Studio Solution File, Format Version 12.00
# Visual Studio 15
VisualStudioVersion = 15.0.28307.852
MinimumVisualStudioVersion = 10.0.40219.1
Project("{FAE04EC0-301F-11D3-BF4B-00C04F79EFBC}") = "FYP.Web", "FYP.Web\FYP.Web.csproj", "{332FA062-FEF9-4BDE-A5FB-F9E726FF5DED}"
EndProject
Project("{FAE04EC0-301F-11D3-BF4B-00C04F79EFBC}") = "FYP.Process", "FYP.Process\FYP.Process.csproj", "{575BAD4E-9206-46C3-9CBB-422BAFF8CA2E}"
EndProject
Project("{FAE04EC0-301F-11D3-BF4B-00C04F79EFBC}") = "FYP.Services", "FYP.Services\FYP.Services.csproj", "{DCD341FB-1B0C-46B6-82F4-1B993D8B86B1}"
EndProject
Project("{2150E333-8FDC-42A3-9474-1A3956D46DE8}") = "Presentation", "Presentation", "{1F870931-9E01-409F-8B86-214CD4C0A449}"
EndProject
Project("{2150E333-8FDC-42A3-9474-1A3956D46DE8}") = "Services", "Services", "{D1E13F0A-1D71-4608-85C4-70C67D3F9B06}"
EndProject
Project("{FAE04EC0-301F-11D3-BF4B-00C04F79EFBC}") = "FYP.Business", "FYP.Business\FYP.Business.csproj", "{3D22569C-9DFA-499E-BC6D-FCFD349D02F4}"
EndProject
Project("{FAE04EC0-301F-11D3-BF4B-00C04F79EFBC}") = "FYP.Data", "FYP.Data\FYP.Data.csproj", "{26EE71CF-F4BC-419A-9900-A60F80FCE826}"
EndProject
Project("{2150E333-8FDC-42A3-9474-1A3956D46DE8}") = "Business", "Business", "{9DD19F28-FA7E-4EC0-A205-5FF0760937D3}"
EndProject
Project("{2150E333-8FDC-42A3-9474-1A3956D46DE8}") = "Data", "Data", "{F1CC8D2C-D7DB-4A7E-A158-31618148708B}"
EndProject
Project("{FAE04EC0-301F-11D3-BF4B-00C04F79EFBC}") = "FYP.Framework", "FYP.Framework\FYP.Framework.csproj", "{8BC27F92-E219-410E-AF59-D94B9FDB6BE4}"
EndProject
Project("{FAE04EC0-301F-11D3-BF4B-00C04F79EFBC}") = "FYP.Entities", "FYP.Entities\FYP.Entities.csproj", "{47B9260D-BFBB-4843-BD3F-7D7A0E2CA55F}"
EndProject
Project("{2150E333-8FDC-42A3-9474-1A3956D46DE8}") = "Shared", "Shared", "{B67D5342-D900-4555-A86E-85A584AFDEBE}"
EndProject
Global
	GlobalSection(SolutionConfigurationPlatforms) = preSolution
		Debug|Any CPU = Debug|Any CPU
		Release|Any CPU = Release|Any CPU
	EndGlobalSection
	GlobalSection(ProjectConfigurationPlatforms) = postSolution
		{332FA062-FEF9-4BDE-A5FB-F9E726FF5DED}.Debug|Any CPU.ActiveCfg = Debug|Any CPU
		{332FA062-FEF9-4BDE-A5FB-F9E726FF5DED}.Debug|Any CPU.Build.0 = Debug|Any CPU
		{332FA062-FEF9-4BDE-A5FB-F9E726FF5DED}.Release|Any CPU.ActiveCfg = Release|Any CPU
		{332FA062-FEF9-4BDE-A5FB-F9E726FF5DED}.Release|Any CPU.Build.0 = Release|Any CPU
		{575BAD4E-9206-46C3-9CBB-422BAFF8CA2E}.Debug|Any CPU.ActiveCfg = Debug|Any CPU
		{575BAD4E-9206-46C3-9CBB-422BAFF8CA2E}.Debug|Any CPU.Build.0 = Debug|Any CPU
		{575BAD4E-9206-46C3-9CBB-422BAFF8CA2E}.Release|Any CPU.ActiveCfg = Release|Any CPU
		{575BAD4E-9206-46C3-9CBB-422BAFF8CA2E}.Release|Any CPU.Build.0 = Release|Any CPU
		{DCD341FB-1B0C-46B6-82F4-1B993D8B86B1}.Debug|Any CPU.ActiveCfg = Debug|Any CPU
		{DCD341FB-1B0C-46B6-82F4-1B993D8B86B1}.Debug|Any CPU.Build.0 = Debug|Any CPU
		{DCD341FB-1B0C-46B6-82F4-1B993D8B86B1}.Release|Any CPU.ActiveCfg = Release|Any CPU
		{DCD341FB-1B0C-46B6-82F4-1B993D8B86B1}.Release|Any CPU.Build.0 = Release|Any CPU
		{3D22569C-9DFA-499E-BC6D-FCFD349D02F4}.Debug|Any CPU.ActiveCfg = Debug|Any CPU
		{3D22569C-9DFA-499E-BC6D-FCFD349D02F4}.Debug|Any CPU.Build.0 = Debug|Any CPU
		{3D22569C-9DFA-499E-BC6D-FCFD349D02F4}.Release|Any CPU.ActiveCfg = Release|Any CPU
		{3D22569C-9DFA-499E-BC6D-FCFD349D02F4}.Release|Any CPU.Build.0 = Release|Any CPU
		{26EE71CF-F4BC-419A-9900-A60F80FCE826}.Debug|Any CPU.ActiveCfg = Debug|Any CPU
		{26EE71CF-F4BC-419A-9900-A60F80FCE826}.Debug|Any CPU.Build.0 = Debug|Any CPU
		{26EE71CF-F4BC-419A-9900-A60F80FCE826}.Release|Any CPU.ActiveCfg = Release|Any CPU
		{26EE71CF-F4BC-419A-9900-A60F80FCE826}.Release|Any CPU.Build.0 = Release|Any CPU
		{8BC27F92-E219-410E-AF59-D94B9FDB6BE4}.Debug|Any CPU.ActiveCfg = Debug|Any CPU
		{8BC27F92-E219-410E-AF59-D94B9FDB6BE4}.Debug|Any CPU.Build.0 = Debug|Any CPU
		{8BC27F92-E219-410E-AF59-D94B9FDB6BE4}.Release|Any CPU.ActiveCfg = Release|Any CPU
		{8BC27F92-E219-410E-AF59-D94B9FDB6BE4}.Release|Any CPU.Build.0 = Release|Any CPU
		{47B9260D-BFBB-4843-BD3F-7D7A0E2CA55F}.Debug|Any CPU.ActiveCfg = Debug|Any CPU
		{47B9260D-BFBB-4843-BD3F-7D7A0E2CA55F}.Debug|Any CPU.Build.0 = Debug|Any CPU
		{47B9260D-BFBB-4843-BD3F-7D7A0E2CA55F}.Release|Any CPU.ActiveCfg = Release|Any CPU
		{47B9260D-BFBB-4843-BD3F-7D7A0E2CA55F}.Release|Any CPU.Build.0 = Release|Any CPU
	EndGlobalSection
	GlobalSection(SolutionProperties) = preSolution
		HideSolutionNode = FALSE
	EndGlobalSection
	GlobalSection(NestedProjects) = preSolution
		{332FA062-FEF9-4BDE-A5FB-F9E726FF5DED} = {1F870931-9E01-409F-8B86-214CD4C0A449}
		{575BAD4E-9206-46C3-9CBB-422BAFF8CA2E} = {1F870931-9E01-409F-8B86-214CD4C0A449}
		{DCD341FB-1B0C-46B6-82F4-1B993D8B86B1} = {D1E13F0A-1D71-4608-85C4-70C67D3F9B06}
		{3D22569C-9DFA-499E-BC6D-FCFD349D02F4} = {9DD19F28-FA7E-4EC0-A205-5FF0760937D3}
		{26EE71CF-F4BC-419A-9900-A60F80FCE826} = {F1CC8D2C-D7DB-4A7E-A158-31618148708B}
		{8BC27F92-E219-410E-AF59-D94B9FDB6BE4} = {B67D5342-D900-4555-A86E-85A584AFDEBE}
		{47B9260D-BFBB-4843-BD3F-7D7A0E2CA55F} = {B67D5342-D900-4555-A86E-85A584AFDEBE}
	EndGlobalSection
	GlobalSection(ExtensibilityGlobals) = postSolution
		SolutionGuid = {E4793EC4-4BC6-4AF2-8322-3F8CC42A724B}
	EndGlobalSection
EndGlobal
